
Microsoft Visual Studio Solution File, Format Version 12.00
# Visual Studio Version 17
VisualStudioVersion = 17.10.35122.118
MinimumVisualStudioVersion = 10.0.40219.1
Project("{FAE04EC0-301F-11D3-BF4B-00C04F79EFBC}") = "PartialView.pustok", "PartialView.pustok\PartialView.pustok.csproj", "{C799AB69-4FC4-4F53-88ED-C550FD9AB838}"
EndProject
Global
	GlobalSection(SolutionConfigurationPlatforms) = preSolution
		Debug|Any CPU = Debug|Any CPU
		Release|Any CPU = Release|Any CPU
	EndGlobalSection
	GlobalSection(ProjectConfigurationPlatforms) = postSolution
		{C799AB69-4FC4-4F53-88ED-C550FD9AB838}.Debug|Any CPU.ActiveCfg = Debug|Any CPU
		{C799AB69-4FC4-4F53-88ED-C550FD9AB838}.Debug|Any CPU.Build.0 = Debug|Any CPU
		{C799AB69-4FC4-4F53-88ED-C550FD9AB838}.Release|Any CPU.ActiveCfg = Release|Any CPU
		{C799AB69-4FC4-4F53-88ED-C550FD9AB838}.Release|Any CPU.Build.0 = Release|Any CPU
	EndGlobalSection
	GlobalSection(SolutionProperties) = preSolution
		HideSolutionNode = FALSE
	EndGlobalSection
	GlobalSection(ExtensibilityGlobals) = postSolution
		SolutionGuid = {B79A59AD-6923-4A07-AA78-CF2470F14E51}
	EndGlobalSection
EndGlobal
